// !$*UTF8*$!
{
	archiveVersion = 1;
	classes = {
	};
	objectVersion = 55;
	objects = {

/* Begin PBXBuildFile section */
		DF483117278871E800F7F7A3 /* MovieCell.swift in Sources */ = {isa = PBXBuildFile; fileRef = DF483116278871E800F7F7A3 /* MovieCell.swift */; };
		DF48311C27887F0400F7F7A3 /* Movie.swift in Sources */ = {isa = PBXBuildFile; fileRef = DF48311B27887F0400F7F7A3 /* Movie.swift */; };
		DF7E7A3927886626008977CF /* Alamofire in Frameworks */ = {isa = PBXBuildFile; productRef = DF7E7A3827886626008977CF /* Alamofire */; };
		DF7E7A3C27886634008977CF /* Kingfisher in Frameworks */ = {isa = PBXBuildFile; productRef = DF7E7A3B27886634008977CF /* Kingfisher */; };
		DFEA000027885C78004ECADA /* AppDelegate.swift in Sources */ = {isa = PBXBuildFile; fileRef = DFEAFFFF27885C78004ECADA /* AppDelegate.swift */; };
		DFEA000227885C78004ECADA /* SceneDelegate.swift in Sources */ = {isa = PBXBuildFile; fileRef = DFEA000127885C78004ECADA /* SceneDelegate.swift */; };
		DFEA000727885C78004ECADA /* Main.storyboard in Resources */ = {isa = PBXBuildFile; fileRef = DFEA000527885C78004ECADA /* Main.storyboard */; };
		DFEA000927885C78004ECADA /* Assets.xcassets in Resources */ = {isa = PBXBuildFile; fileRef = DFEA000827885C78004ECADA /* Assets.xcassets */; };
		DFEA000C27885C78004ECADA /* LaunchScreen.storyboard in Resources */ = {isa = PBXBuildFile; fileRef = DFEA000A27885C78004ECADA /* LaunchScreen.storyboard */; };
		DFEA001427885D50004ECADA /* MoviesViewController.swift in Sources */ = {isa = PBXBuildFile; fileRef = DFEA001327885D50004ECADA /* MoviesViewController.swift */; };
/* End PBXBuildFile section */

/* Begin PBXFileReference section */
		DF483116278871E800F7F7A3 /* MovieCell.swift */ = {isa = PBXFileReference; lastKnownFileType = sourcecode.swift; path = MovieCell.swift; sourceTree = "<group>"; };
		DF48311B27887F0400F7F7A3 /* Movie.swift */ = {isa = PBXFileReference; lastKnownFileType = sourcecode.swift; path = Movie.swift; sourceTree = "<group>"; };
		DFEA000127885C78004ECADA /* SceneDelegate.swift */ = {isa = PBXFileReference; lastKnownFileType = sourcecode.swift; path = SceneDelegate.swift; sourceTree = "<group>"; };
		DFEA000627885C78004ECADA /* Base */ = {isa = PBXFileReference; lastKnownFileType = file.storyboard; name = Base; path = Base.lproj/Main.storyboard; sourceTree = "<group>"; };
		DFEA000827885C78004ECADA /* Assets.xcassets */ = {isa = PBXFileReference; lastKnownFileType = folder.assetcatalog; path = Assets.xcassets; sourceTree = "<group>"; };
		DFEA000B27885C78004ECADA /* Base */ = {isa = PBXFileReference; lastKnownFileType = file.storyboard; name = Base; path = Base.lproj/LaunchScreen.storyboard; sourceTree = "<group>"; };
		DFEA000D27885C78004ECADA /* Info.plist */ = {isa = PBXFileReference; lastKnownFileType = text.plist.xml; path = Info.plist; sourceTree = "<group>"; };
		DFEA001327885D50004ECADA /* MoviesViewController.swift */ = {isa = PBXFileReference; lastKnownFileType = sourcecode.swift; path = MoviesViewController.swift; sourceTree = "<group>"; };
		DFEAFFFC27885C78004ECADA /* MovieDb1.app */ = {isa = PBXFileReference; explicitFileType = wrapper.application; includeInIndex = 0; path = MovieDb1.app; sourceTree = BUILT_PRODUCTS_DIR; };
		DFEAFFFF27885C78004ECADA /* AppDelegate.swift */ = {isa = PBXFileReference; lastKnownFileType = sourcecode.swift; path = AppDelegate.swift; sourceTree = "<group>"; };
/* End PBXFileReference section */

/* Begin PBXFrameworksBuildPhase section */
		DFEAFFF927885C78004ECADA /* Frameworks */ = {
			isa = PBXFrameworksBuildPhase;
			buildActionMask = 2147483647;
			files = (
				DF7E7A3C27886634008977CF /* Kingfisher in Frameworks */,
				DF7E7A3927886626008977CF /* Alamofire in Frameworks */,
			);
			runOnlyForDeploymentPostprocessing = 0;
		};
/* End PBXFrameworksBuildPhase section */

/* Begin PBXGroup section */
		DF4831182788722000F7F7A3 /* Views */ = {
			isa = PBXGroup;
			children = (
				DF483116278871E800F7F7A3 /* MovieCell.swift */,
			);
			path = Views;
			sourceTree = "<group>";
		};
		DF4831192788722700F7F7A3 /* View Controllers */ = {
			isa = PBXGroup;
			children = (
				DFEA001327885D50004ECADA /* MoviesViewController.swift */,
			);
			path = "View Controllers";
			sourceTree = "<group>";
		};
		DF48311A27887EF000F7F7A3 /* Model */ = {
			isa = PBXGroup;
			children = (
				DF48311B27887F0400F7F7A3 /* Movie.swift */,
			);
			path = Model;
			sourceTree = "<group>";
		};
		DFEAFFF327885C78004ECADA = {
			isa = PBXGroup;
			children = (
				DFEAFFFE27885C78004ECADA /* MovieDb1 */,
				DFEAFFFD27885C78004ECADA /* Products */,
			);
			sourceTree = "<group>";
		};
		DFEAFFFD27885C78004ECADA /* Products */ = {
			isa = PBXGroup;
			children = (
				DFEAFFFC27885C78004ECADA /* MovieDb1.app */,
			);
			name = Products;
			sourceTree = "<group>";
		};
		DFEAFFFE27885C78004ECADA /* MovieDb1 */ = {
			isa = PBXGroup;
			children = (
				DF48311A27887EF000F7F7A3 /* Model */,
				DF4831192788722700F7F7A3 /* View Controllers */,
				DF4831182788722000F7F7A3 /* Views */,
				DFEAFFFF27885C78004ECADA /* AppDelegate.swift */,
				DFEA000127885C78004ECADA /* SceneDelegate.swift */,
				DFEA000527885C78004ECADA /* Main.storyboard */,
				DFEA000827885C78004ECADA /* Assets.xcassets */,
				DFEA000A27885C78004ECADA /* LaunchScreen.storyboard */,
				DFEA000D27885C78004ECADA /* Info.plist */,
			);
			path = MovieDb1;
			sourceTree = "<group>";
		};
/* End PBXGroup section */

/* Begin PBXNativeTarget section */
		DFEAFFFB27885C78004ECADA /* MovieDb1 */ = {
			isa = PBXNativeTarget;
			buildConfigurationList = DFEA001027885C78004ECADA /* Build configuration list for PBXNativeTarget "MovieDb1" */;
			buildPhases = (
				DFEAFFF827885C78004ECADA /* Sources */,
				DFEAFFF927885C78004ECADA /* Frameworks */,
				DFEAFFFA27885C78004ECADA /* Resources */,
			);
			buildRules = (
			);
			dependencies = (
			);
			name = MovieDb1;
			packageProductDependencies = (
				DF7E7A3827886626008977CF /* Alamofire */,
				DF7E7A3B27886634008977CF /* Kingfisher */,
			);
			productName = MovieDb1;
			productReference = DFEAFFFC27885C78004ECADA /* MovieDb1.app */;
			productType = "com.apple.product-type.application";
		};
/* End PBXNativeTarget section */

/* Begin PBXProject section */
		DFEAFFF427885C78004ECADA /* Project object */ = {
			isa = PBXProject;
			attributes = {
				BuildIndependentTargetsInParallel = 1;
				LastSwiftUpdateCheck = 1300;
				LastUpgradeCheck = 1300;
				TargetAttributes = {
					DFEAFFFB27885C78004ECADA = {
						CreatedOnToolsVersion = 13.0;
					};
				};
			};
			buildConfigurationList = DFEAFFF727885C78004ECADA /* Build configuration list for PBXProject "MovieDb1" */;
			compatibilityVersion = "Xcode 13.0";
			developmentRegion = en;
			hasScannedForEncodings = 0;
			knownRegions = (
				en,
				Base,
			);
			mainGroup = DFEAFFF327885C78004ECADA;
			packageReferences = (
				DF7E7A3727886626008977CF /* XCRemoteSwiftPackageReference "Alamofire" */,
				DF7E7A3A27886634008977CF /* XCRemoteSwiftPackageReference "Kingfisher" */,
			);
			productRefGroup = DFEAFFFD27885C78004ECADA /* Products */;
			projectDirPath = "";
			projectRoot = "";
			targets = (
				DFEAFFFB27885C78004ECADA /* MovieDb1 */,
			);
		};
/* End PBXProject section */

/* Begin PBXResourcesBuildPhase section */
		DFEAFFFA27885C78004ECADA /* Resources */ = {
			isa = PBXResourcesBuildPhase;
			buildActionMask = 2147483647;
			files = (
				DFEA000C27885C78004ECADA /* LaunchScreen.storyboard in Resources */,
				DFEA000927885C78004ECADA /* Assets.xcassets in Resources */,
				DFEA000727885C78004ECADA /* Main.storyboard in Resources */,
			);
			runOnlyForDeploymentPostprocessing = 0;
		};
/* End PBXResourcesBuildPhase section */

/* Begin PBXSourcesBuildPhase section */
		DFEAFFF827885C78004ECADA /* Sources */ = {
			isa = PBXSourcesBuildPhase;
			buildActionMask = 2147483647;
			files = (
				DFEA000027885C78004ECADA /* AppDelegate.swift in Sources */,
				DFEA000227885C78004ECADA /* SceneDelegate.swift in Sources */,
				DF483117278871E800F7F7A3 /* MovieCell.swift in Sources */,
				DFEA001427885D50004ECADA /* MoviesViewController.swift in Sources */,
				DF48311C27887F0400F7F7A3 /* Movie.swift in Sources */,
			);
			runOnlyForDeploymentPostprocessing = 0;
		};
/* End PBXSourcesBuildPhase section */

/* Begin PBXVariantGroup section */
		DFEA000527885C78004ECADA /* Main.storyboard */ = {
			isa = PBXVariantGroup;
			children = (
				DFEA000627885C78004ECADA /* Base */,
			);
			name = Main.storyboard;
			sourceTree = "<group>";
		};
		DFEA000A27885C78004ECADA /* LaunchScreen.storyboard */ = {
			isa = PBXVariantGroup;
			children = (
				DFEA000B27885C78004ECADA /* Base */,
			);
			name = LaunchScreen.storyboard;
			sourceTree = "<group>";
		};
/* End PBXVariantGroup section */

/* Begin XCBuildConfiguration section */
		DFEA000E27885C78004ECADA /* Debug */ = {
			isa = XCBuildConfiguration;
			buildSettings = {
				ALWAYS_SEARCH_USER_PATHS = NO;
				CLANG_ANALYZER_NONNULL = YES;
				CLANG_ANALYZER_NUMBER_OBJECT_CONVERSION = YES_AGGRESSIVE;
				CLANG_CXX_LANGUAGE_STANDARD = "gnu++17";
				CLANG_CXX_LIBRARY = "libc++";
				CLANG_ENABLE_MODULES = YES;
				CLANG_ENABLE_OBJC_ARC = YES;
				CLANG_ENABLE_OBJC_WEAK = YES;
				CLANG_WARN_BLOCK_CAPTURE_AUTORELEASING = YES;
				CLANG_WARN_BOOL_CONVERSION = YES;
				CLANG_WARN_COMMA = YES;
				CLANG_WARN_CONSTANT_CONVERSION = YES;
				CLANG_WARN_DEPRECATED_OBJC_IMPLEMENTATIONS = YES;
				CLANG_WARN_DIRECT_OBJC_ISA_USAGE = YES_ERROR;
				CLANG_WARN_DOCUMENTATION_COMMENTS = YES;
				CLANG_WARN_EMPTY_BODY = YES;
				CLANG_WARN_ENUM_CONVERSION = YES;
				CLANG_WARN_INFINITE_RECURSION = YES;
				CLANG_WARN_INT_CONVERSION = YES;
				CLANG_WARN_NON_LITERAL_NULL_CONVERSION = YES;
				CLANG_WARN_OBJC_IMPLICIT_RETAIN_SELF = YES;
				CLANG_WARN_OBJC_LITERAL_CONVERSION = YES;
				CLANG_WARN_OBJC_ROOT_CLASS = YES_ERROR;
				CLANG_WARN_QUOTED_INCLUDE_IN_FRAMEWORK_HEADER = YES;
				CLANG_WARN_RANGE_LOOP_ANALYSIS = YES;
				CLANG_WARN_STRICT_PROTOTYPES = YES;
				CLANG_WARN_SUSPICIOUS_MOVE = YES;
				CLANG_WARN_UNGUARDED_AVAILABILITY = YES_AGGRESSIVE;
				CLANG_WARN_UNREACHABLE_CODE = YES;
				CLANG_WARN__DUPLICATE_METHOD_MATCH = YES;
				COPY_PHASE_STRIP = NO;
				DEBUG_INFORMATION_FORMAT = dwarf;
				ENABLE_STRICT_OBJC_MSGSEND = YES;
				ENABLE_TESTABILITY = YES;
				GCC_C_LANGUAGE_STANDARD = gnu11;
				GCC_DYNAMIC_NO_PIC = NO;
				GCC_NO_COMMON_BLOCKS = YES;
				GCC_OPTIMIZATION_LEVEL = 0;
				GCC_PREPROCESSOR_DEFINITIONS = (
					"DEBUG=1",
					"$(inherited)",
				);
				GCC_WARN_64_TO_32_BIT_CONVERSION = YES;
				GCC_WARN_ABOUT_RETURN_TYPE = YES_ERROR;
				GCC_WARN_UNDECLARED_SELECTOR = YES;
				GCC_WARN_UNINITIALIZED_AUTOS = YES_AGGRESSIVE;
				GCC_WARN_UNUSED_FUNCTION = YES;
				GCC_WARN_UNUSED_VARIABLE = YES;
				IPHONEOS_DEPLOYMENT_TARGET = 15.0;
				MTL_ENABLE_DEBUG_INFO = INCLUDE_SOURCE;
				MTL_FAST_MATH = YES;
				ONLY_ACTIVE_ARCH = YES;
				SDKROOT = iphoneos;
				SWIFT_ACTIVE_COMPILATION_CONDITIONS = DEBUG;
				SWIFT_OPTIMIZATION_LEVEL = "-Onone";
			};
			name = Debug;
		};
		DFEA000F27885C78004ECADA /* Release */ = {
			isa = XCBuildConfiguration;
			buildSettings = {
				ALWAYS_SEARCH_USER_PATHS = NO;
				CLANG_ANALYZER_NONNULL = YES;
				CLANG_ANALYZER_NUMBER_OBJECT_CONVERSION = YES_AGGRESSIVE;
				CLANG_CXX_LANGUAGE_STANDARD = "gnu++17";
				CLANG_CXX_LIBRARY = "libc++";
				CLANG_ENABLE_MODULES = YES;
				CLANG_ENABLE_OBJC_ARC = YES;
				CLANG_ENABLE_OBJC_WEAK = YES;
				CLANG_WARN_BLOCK_CAPTURE_AUTORELEASING = YES;
				CLANG_WARN_BOOL_CONVERSION = YES;
				CLANG_WARN_COMMA = YES;
				CLANG_WARN_CONSTANT_CONVERSION = YES;
				CLANG_WARN_DEPRECATED_OBJC_IMPLEMENTATIONS = YES;
				CLANG_WARN_DIRECT_OBJC_ISA_USAGE = YES_ERROR;
				CLANG_WARN_DOCUMENTATION_COMMENTS = YES;
				CLANG_WARN_EMPTY_BODY = YES;
				CLANG_WARN_ENUM_CONVERSION = YES;
				CLANG_WARN_INFINITE_RECURSION = YES;
				CLANG_WARN_INT_CONVERSION = YES;
				CLANG_WARN_NON_LITERAL_NULL_CONVERSION = YES;
				CLANG_WARN_OBJC_IMPLICIT_RETAIN_SELF = YES;
				CLANG_WARN_OBJC_LITERAL_CONVERSION = YES;
				CLANG_WARN_OBJC_ROOT_CLASS = YES_ERROR;
				CLANG_WARN_QUOTED_INCLUDE_IN_FRAMEWORK_HEADER = YES;
				CLANG_WARN_RANGE_LOOP_ANALYSIS = YES;
				CLANG_WARN_STRICT_PROTOTYPES = YES;
				CLANG_WARN_SUSPICIOUS_MOVE = YES;
				CLANG_WARN_UNGUARDED_AVAILABILITY = YES_AGGRESSIVE;
				CLANG_WARN_UNREACHABLE_CODE = YES;
				CLANG_WARN__DUPLICATE_METHOD_MATCH = YES;
				COPY_PHASE_STRIP = NO;
				DEBUG_INFORMATION_FORMAT = "dwarf-with-dsym";
				ENABLE_NS_ASSERTIONS = NO;
				ENABLE_STRICT_OBJC_MSGSEND = YES;
				GCC_C_LANGUAGE_STANDARD = gnu11;
				GCC_NO_COMMON_BLOCKS = YES;
				GCC_WARN_64_TO_32_BIT_CONVERSION = YES;
				GCC_WARN_ABOUT_RETURN_TYPE = YES_ERROR;
				GCC_WARN_UNDECLARED_SELECTOR = YES;
				GCC_WARN_UNINITIALIZED_AUTOS = YES_AGGRESSIVE;
				GCC_WARN_UNUSED_FUNCTION = YES;
				GCC_WARN_UNUSED_VARIABLE = YES;
				IPHONEOS_DEPLOYMENT_TARGET = 15.0;
				MTL_ENABLE_DEBUG_INFO = NO;
				MTL_FAST_MATH = YES;
				SDKROOT = iphoneos;
				SWIFT_COMPILATION_MODE = wholemodule;
				SWIFT_OPTIMIZATION_LEVEL = "-O";
				VALIDATE_PRODUCT = YES;
			};
			name = Release;
		};
		DFEA001127885C78004ECADA /* Debug */ = {
			isa = XCBuildConfiguration;
			buildSettings = {
				ASSETCATALOG_COMPILER_APPICON_NAME = AppIcon;
				ASSETCATALOG_COMPILER_GLOBAL_ACCENT_COLOR_NAME = AccentColor;
				CODE_SIGN_STYLE = Automatic;
				CURRENT_PROJECT_VERSION = 1;
				GENERATE_INFOPLIST_FILE = YES;
				INFOPLIST_FILE = MovieDb1/Info.plist;
				INFOPLIST_KEY_UIApplicationSupportsIndirectInputEvents = YES;
				INFOPLIST_KEY_UILaunchStoryboardName = LaunchScreen;
				INFOPLIST_KEY_UIMainStoryboardFile = Main;
				INFOPLIST_KEY_UISupportedInterfaceOrientations_iPad = "UIInterfaceOrientationPortrait UIInterfaceOrientationPortraitUpsideDown UIInterfaceOrientationLandscapeLeft UIInterfaceOrientationLandscapeRight";
				INFOPLIST_KEY_UISupportedInterfaceOrientations_iPhone = "UIInterfaceOrientationPortrait UIInterfaceOrientationLandscapeLeft UIInterfaceOrientationLandscapeRight";
				LD_RUNPATH_SEARCH_PATHS = (
					"$(inherited)",
					"@executable_path/Frameworks",
				);
				MARKETING_VERSION = 1.0;
				PRODUCT_BUNDLE_IDENTIFIER = com.kaanyalcinkaya.MovieDb1;
				PRODUCT_NAME = "$(TARGET_NAME)";
				SWIFT_EMIT_LOC_STRINGS = YES;
				SWIFT_VERSION = 5.0;
				TARGETED_DEVICE_FAMILY = "1,2";
			};
			name = Debug;
		};
		DFEA001227885C78004ECADA /* Release */ = {
			isa = XCBuildConfiguration;
			buildSettings = {
				ASSETCATALOG_COMPILER_APPICON_NAME = AppIcon;
				ASSETCATALOG_COMPILER_GLOBAL_ACCENT_COLOR_NAME = AccentColor;
				CODE_SIGN_STYLE = Automatic;
				CURRENT_PROJECT_VERSION = 1;
				GENERATE_INFOPLIST_FILE = YES;
				INFOPLIST_FILE = MovieDb1/Info.plist;
				INFOPLIST_KEY_UIApplicationSupportsIndirectInputEvents = YES;
				INFOPLIST_KEY_UILaunchStoryboardName = LaunchScreen;
				INFOPLIST_KEY_UIMainStoryboardFile = Main;
				INFOPLIST_KEY_UISupportedInterfaceOrientations_iPad = "UIInterfaceOrientationPortrait UIInterfaceOrientationPortraitUpsideDown UIInterfaceOrientationLandscapeLeft UIInterfaceOrientationLandscapeRight";
				INFOPLIST_KEY_UISupportedInterfaceOrientations_iPhone = "UIInterfaceOrientationPortrait UIInterfaceOrientationLandscapeLeft UIInterfaceOrientationLandscapeRight";
				LD_RUNPATH_SEARCH_PATHS = (
					"$(inherited)",
					"@executable_path/Frameworks",
				);
				MARKETING_VERSION = 1.0;
				PRODUCT_BUNDLE_IDENTIFIER = com.kaanyalcinkaya.MovieDb1;
				PRODUCT_NAME = "$(TARGET_NAME)";
				SWIFT_EMIT_LOC_STRINGS = YES;
				SWIFT_VERSION = 5.0;
				TARGETED_DEVICE_FAMILY = "1,2";
			};
			name = Release;
		};
/* End XCBuildConfiguration section */

/* Begin XCConfigurationList section */
		DFEA001027885C78004ECADA /* Build configuration list for PBXNativeTarget "MovieDb1" */ = {
			isa = XCConfigurationList;
			buildConfigurations = (
				DFEA001127885C78004ECADA /* Debug */,
				DFEA001227885C78004ECADA /* Release */,
			);
			defaultConfigurationIsVisible = 0;
			defaultConfigurationName = Release;
		};
		DFEAFFF727885C78004ECADA /* Build configuration list for PBXProject "MovieDb1" */ = {
			isa = XCConfigurationList;
			buildConfigurations = (
				DFEA000E27885C78004ECADA /* Debug */,
				DFEA000F27885C78004ECADA /* Release */,
			);
			defaultConfigurationIsVisible = 0;
			defaultConfigurationName = Release;
		};
/* End XCConfigurationList section */

/* Begin XCRemoteSwiftPackageReference section */
		DF7E7A3727886626008977CF /* XCRemoteSwiftPackageReference "Alamofire" */ = {
			isa = XCRemoteSwiftPackageReference;
			repositoryURL = "https://github.com/Alamofire/Alamofire.git";
			requirement = {
				branch = master;
				kind = branch;
			};
		};
		DF7E7A3A27886634008977CF /* XCRemoteSwiftPackageReference "Kingfisher" */ = {
			isa = XCRemoteSwiftPackageReference;
			repositoryURL = "https://github.com/onevcat/Kingfisher.git";
			requirement = {
				branch = master;
				kind = branch;
			};
		};
/* End XCRemoteSwiftPackageReference section */

/* Begin XCSwiftPackageProductDependency section */
		DF7E7A3827886626008977CF /* Alamofire */ = {
			isa = XCSwiftPackageProductDependency;
			package = DF7E7A3727886626008977CF /* XCRemoteSwiftPackageReference "Alamofire" */;
			productName = Alamofire;
		};
		DF7E7A3B27886634008977CF /* Kingfisher */ = {
			isa = XCSwiftPackageProductDependency;
			package = DF7E7A3A27886634008977CF /* XCRemoteSwiftPackageReference "Kingfisher" */;
			productName = Kingfisher;
		};
/* End XCSwiftPackageProductDependency section */
	};
	rootObject = DFEAFFF427885C78004ECADA /* Project object */;
}
